speakeasyVersion: 1.615.2
sources:
    my-source:
        sourceNamespace: my-source
        sourceRevisionDigest: sha256:893baf00932f1b8e49b2e60af272be6a9a62934af6eb3a2f96dd9f2302ef69c5
        sourceBlobDigest: sha256:f689cdc9c740f4e5120422720722d2d256d56ceb62bc13370713ec1661a433df
        tags:
            - latest
    plexapi:
        sourceNamespace: plexapi
        sourceRevisionDigest: sha256:99c005b3d81b0a95ec6adb747f329f7b751de5c81c48057c8f07d4f032e8c00e
        sourceBlobDigest: sha256:5cc77a7fc7dfeeb2b35bbad0a106bb2106e6d1969e3b47a6ab2f72a98c97774e
        tags:
            - latest
            - speakeasy-sdk-regen-1775004658
            - 1.1.1
targets:
    plexjava:
        source: plexapi
        sourceNamespace: plexapi
        sourceRevisionDigest: sha256:99c005b3d81b0a95ec6adb747f329f7b751de5c81c48057c8f07d4f032e8c00e
        sourceBlobDigest: sha256:5cc77a7fc7dfeeb2b35bbad0a106bb2106e6d1969e3b47a6ab2f72a98c97774e
        codeSamplesNamespace: code-samples-java-plexjava
        codeSamplesRevisionDigest: sha256:07aebad648e86f1cd6209a0de4e18c3bd163d98f6003d5184a32bf7eef5dfc7a
workflow:
    workflowVersion: 1.0.0
    speakeasyVersion: latest
    sources:
        plexapi:
            inputs:
                - location: https://raw.githubusercontent.com/LukeHagar/plex-api-spec/refs/heads/main/plex-api-spec.yaml
            registry:
                location: registry.speakeasyapi.dev/plexapi/plexapi/plexapi
    targets:
        plexjava:
            target: java
            source: plexapi
            publish:
                java:
                    ossrhUsername: $ossrh_username
                    ossrhPassword: $ossrh_password
                    gpgSecretKey: $java_gpg_secret_key
                    gpgPassPhrase: $java_gpg_passphrase
            codeSamples:
                output: codeSamples.yaml
                registry:
                    location: registry.speakeasyapi.dev/plexapi/plexapi/code-samples-java-plexjava
                labelOverride:
                    fixedValue: PlexJava
