speakeasyVersion: 1.790.2
sources:
    my-source:
        sourceNamespace: my-source
        sourceRevisionDigest: sha256:893baf00932f1b8e49b2e60af272be6a9a62934af6eb3a2f96dd9f2302ef69c5
        sourceBlobDigest: sha256:f689cdc9c740f4e5120422720722d2d256d56ceb62bc13370713ec1661a433df
        tags:
            - latest
    plexapi:
        sourceNamespace: plexapi
        sourceRevisionDigest: sha256:6594146300134c516bce6e35da0aeab697dda6b07a4f8b795d8fcab23888d234
        sourceBlobDigest: sha256:3a2091671ea8da415175daeab0959248131c51479749abcfc7f480de084e5ccf
        tags:
            - latest
            - 1.1.1
targets:
    plexjava:
        source: plexapi
        sourceNamespace: plexapi
        sourceRevisionDigest: sha256:6594146300134c516bce6e35da0aeab697dda6b07a4f8b795d8fcab23888d234
        sourceBlobDigest: sha256:3a2091671ea8da415175daeab0959248131c51479749abcfc7f480de084e5ccf
        codeSamplesNamespace: code-samples-java-plexjava
        codeSamplesRevisionDigest: sha256:c8b6e47b0cedaba04317c0f4747ce83189447e33f44b876513480b673226a9f1
workflow:
    workflowVersion: 1.0.0
    speakeasyVersion: latest
    sources:
        plexapi:
            inputs:
                - location: https://raw.githubusercontent.com/LukeHagar/plex-api-spec/refs/heads/main/plex-api-spec.yaml
            registry:
                location: registry.speakeasyapi.dev/plexapi/plexapi/plexapi
    targets:
        plexjava:
            target: java
            source: plexapi
            publish:
                java:
                    ossrhUsername: $ossrh_username
                    ossrhPassword: $ossrh_password
                    gpgSecretKey: $java_gpg_secret_key
                    gpgPassPhrase: $java_gpg_passphrase
            codeSamples:
                output: codeSamples.yaml
                registry:
                    location: registry.speakeasyapi.dev/plexapi/plexapi/code-samples-java-plexjava
                labelOverride:
                    fixedValue: PlexJava
