speakeasyVersion: 1.615.2
sources:
    my-source:
        sourceNamespace: my-source
        sourceRevisionDigest: sha256:893baf00932f1b8e49b2e60af272be6a9a62934af6eb3a2f96dd9f2302ef69c5
        sourceBlobDigest: sha256:f689cdc9c740f4e5120422720722d2d256d56ceb62bc13370713ec1661a433df
        tags:
            - latest
    plexapi:
        sourceNamespace: plexapi
        sourceRevisionDigest: sha256:15941a539a233733254ca4561b67f9e24e6712247200f26d96ea4e5d6ec174d3
        sourceBlobDigest: sha256:4f2d88ffdd4d1c2f418f502bd238d84825ba6c0347e3449d98454fef5fb571e4
        tags:
            - latest
            - speakeasy-sdk-regen-1779152705
            - 1.1.1
targets:
    plexjava:
        source: plexapi
        sourceNamespace: plexapi
        sourceRevisionDigest: sha256:15941a539a233733254ca4561b67f9e24e6712247200f26d96ea4e5d6ec174d3
        sourceBlobDigest: sha256:4f2d88ffdd4d1c2f418f502bd238d84825ba6c0347e3449d98454fef5fb571e4
        codeSamplesNamespace: code-samples-java-plexjava
        codeSamplesRevisionDigest: sha256:5d452b4b9c409b6c4b66995465103f4cc6b27ec1ceaaaf92775d7135203c703b
workflow:
    workflowVersion: 1.0.0
    speakeasyVersion: latest
    sources:
        plexapi:
            inputs:
                - location: https://raw.githubusercontent.com/LukeHagar/plex-api-spec/refs/heads/main/plex-api-spec.yaml
            registry:
                location: registry.speakeasyapi.dev/plexapi/plexapi/plexapi
    targets:
        plexjava:
            target: java
            source: plexapi
            publish:
                java:
                    ossrhUsername: $ossrh_username
                    ossrhPassword: $ossrh_password
                    gpgSecretKey: $java_gpg_secret_key
                    gpgPassPhrase: $java_gpg_passphrase
            codeSamples:
                output: codeSamples.yaml
                registry:
                    location: registry.speakeasyapi.dev/plexapi/plexapi/code-samples-java-plexjava
                labelOverride:
                    fixedValue: PlexJava
